
Microsoft Visual Studio Solution File, Format Version 12.00
# Visual Studio 15
VisualStudioVersion = 15.0.27004.2009
MinimumVisualStudioVersion = 10.0.40219.1
Project("{9A19103F-16F7-4668-BE54-9A1E7A4F7556}") = "Killerapp2", "Killerapp2\Killerapp2.csproj", "{423F5669-78B0-4671-A9A8-314CB7415C6D}"
EndProject
Project("{9A19103F-16F7-4668-BE54-9A1E7A4F7556}") = "Killerapp2.DAL", "Killerapp2.DAL\Killerapp2.DAL.csproj", "{068FF96B-7793-4232-A48E-19A82985315E}"
EndProject
Project("{9A19103F-16F7-4668-BE54-9A1E7A4F7556}") = "Killerapp2.Logic", "Killerapp2.Logic\Killerapp2.Logic.csproj", "{1CF402F1-6875-48D4-B86D-D17871E21124}"
EndProject
Project("{9A19103F-16F7-4668-BE54-9A1E7A4F7556}") = "Killerapp2.Factory", "Killerapp2.Factory\Killerapp2.Factory.csproj", "{C6380D38-9F8E-4BFC-9AF8-9AEFC489002F}"
EndProject
Project("{FAE04EC0-301F-11D3-BF4B-00C04F79EFBC}") = "Killerapp2.Domain", "Killerapp2.Domain\Killerapp2.Domain.csproj", "{C9260A9C-5B17-425A-AC5C-6EAD0F4F8F5D}"
EndProject
Global
	GlobalSection(SolutionConfigurationPlatforms) = preSolution
		Debug|Any CPU = Debug|Any CPU
		Release|Any CPU = Release|Any CPU
	EndGlobalSection
	GlobalSection(ProjectConfigurationPlatforms) = postSolution
		{423F5669-78B0-4671-A9A8-314CB7415C6D}.Debug|Any CPU.ActiveCfg = Debug|Any CPU
		{423F5669-78B0-4671-A9A8-314CB7415C6D}.Debug|Any CPU.Build.0 = Debug|Any CPU
		{423F5669-78B0-4671-A9A8-314CB7415C6D}.Release|Any CPU.ActiveCfg = Release|Any CPU
		{423F5669-78B0-4671-A9A8-314CB7415C6D}.Release|Any CPU.Build.0 = Release|Any CPU
		{068FF96B-7793-4232-A48E-19A82985315E}.Debug|Any CPU.ActiveCfg = Debug|Any CPU
		{068FF96B-7793-4232-A48E-19A82985315E}.Debug|Any CPU.Build.0 = Debug|Any CPU
		{068FF96B-7793-4232-A48E-19A82985315E}.Release|Any CPU.ActiveCfg = Release|Any CPU
		{068FF96B-7793-4232-A48E-19A82985315E}.Release|Any CPU.Build.0 = Release|Any CPU
		{1CF402F1-6875-48D4-B86D-D17871E21124}.Debug|Any CPU.ActiveCfg = Debug|Any CPU
		{1CF402F1-6875-48D4-B86D-D17871E21124}.Debug|Any CPU.Build.0 = Debug|Any CPU
		{1CF402F1-6875-48D4-B86D-D17871E21124}.Release|Any CPU.ActiveCfg = Release|Any CPU
		{1CF402F1-6875-48D4-B86D-D17871E21124}.Release|Any CPU.Build.0 = Release|Any CPU
		{C6380D38-9F8E-4BFC-9AF8-9AEFC489002F}.Debug|Any CPU.ActiveCfg = Debug|Any CPU
		{C6380D38-9F8E-4BFC-9AF8-9AEFC489002F}.Debug|Any CPU.Build.0 = Debug|Any CPU
		{C6380D38-9F8E-4BFC-9AF8-9AEFC489002F}.Release|Any CPU.ActiveCfg = Release|Any CPU
		{C6380D38-9F8E-4BFC-9AF8-9AEFC489002F}.Release|Any CPU.Build.0 = Release|Any CPU
		{C9260A9C-5B17-425A-AC5C-6EAD0F4F8F5D}.Debug|Any CPU.ActiveCfg = Debug|Any CPU
		{C9260A9C-5B17-425A-AC5C-6EAD0F4F8F5D}.Debug|Any CPU.Build.0 = Debug|Any CPU
		{C9260A9C-5B17-425A-AC5C-6EAD0F4F8F5D}.Release|Any CPU.ActiveCfg = Release|Any CPU
		{C9260A9C-5B17-425A-AC5C-6EAD0F4F8F5D}.Release|Any CPU.Build.0 = Release|Any CPU
	EndGlobalSection
	GlobalSection(SolutionProperties) = preSolution
		HideSolutionNode = FALSE
	EndGlobalSection
	GlobalSection(ExtensibilityGlobals) = postSolution
		SolutionGuid = {CCA4BC9B-59AD-44AD-BED8-BED36016A94E}
	EndGlobalSection
EndGlobal
